# This file was autogenerated by Stack.
# You should not edit this file by hand.
# For more information, please see the documentation at:
#   https://docs.haskellstack.org/en/stable/topics/lock_files

packages:
- completed:
    hackage: hakyll-4.16.6.0@sha256:5ebca16c5eb42fa069277ae300b4ec9086245b77ea46278f9788f26ecff3e98b,9964
    pantry-tree:
      sha256: 75a3b47065e30fa18c88668037608ed97c5de5d80d2384e8da647e1657f61f4e
      size: 9413
  original:
    hackage: hakyll-4.16.6.0
- completed:
    hackage: lrucache-1.2.0.1@sha256:18fc3d7052012c7ab3cd395160f34b53c5e1ec5379cc45185baf35b90ffadc2e,1254
    pantry-tree:
      sha256: 61b2a39a11873f2d8a577e1f6b5e848d2f465ea7f6837ce15436796d3a20eda0
      size: 619
  original:
    hackage: lrucache-1.2.0.1@sha256:18fc3d7052012c7ab3cd395160f34b53c5e1ec5379cc45185baf35b90ffadc2e,1254
- completed:
    hackage: clay-0.15.0@sha256:71e2c2e1e3599ec62d69487091944bde57722907388ba6ab10604a4fb09f929c,2269
    pantry-tree:
      sha256: 8601aaab712e441253bd96a5de5ed49f6be6c7855535d3bc43af21a3dc684567
      size: 2258
  original:
    hackage: clay-0.15.0
- completed:
    hackage: pandoc-3.0.1@sha256:b86cff1afae695247ee180ac66769881a4900ea4643c87820a9f653dd06d4cf2,37767
    pantry-tree:
      sha256: 4ceae05f232ec6e0a062b36d89da99ad071ef8f498b141ac748c219136b789d3
      size: 141318
  original:
    hackage: pandoc-3.0.1
- completed:
    hackage: ginger-0.10.5.2@sha256:cda9c5a24cd3ea74af730a8ea64b0d8ae90696ea56f14b787cc4d92646f7ddad,3186
    pantry-tree:
      sha256: 3c5c7e74779496d7de83bb400b7136656af67e5ccce8547b49055424c541c136
      size: 1430
  original:
    hackage: ginger-0.10.5.2
snapshots:
- completed:
    sha256: a81fb3877c4f9031e1325eb3935122e608d80715dc16b586eb11ddbff8671ecd
    size: 640086
    url: https://raw.githubusercontent.com/commercialhaskell/stackage-snapshots/master/lts/21/25.yaml
  original: lts-21.25
